
Microsoft Visual Studio Solution File, Format Version 12.00
# Visual Studio 15
VisualStudioVersion = 15.0.28010.2041
MinimumVisualStudioVersion = 10.0.40219.1
Project("{FAE04EC0-301F-11D3-BF4B-00C04F79EFBC}") = "StockCalc.Cui", "StockCalc.Cui\StockCalc.Cui.csproj", "{9A5F9C66-AAB2-45F6-B364-82E6DF84375A}"
EndProject
Project("{FAE04EC0-301F-11D3-BF4B-00C04F79EFBC}") = "StockCalc.Gui", "StockCalc.Gui\StockCalc.Gui.csproj", "{0D33485F-3418-44D2-B318-9822ABEDFC94}"
EndProject
Project("{FAE04EC0-301F-11D3-BF4B-00C04F79EFBC}") = "StockCalc.Data", "StockCalc.Data\StockCalc.Data.csproj", "{47674F6C-C48A-44E1-8E15-DBEF7CF7AE66}"
EndProject
Project("{FAE04EC0-301F-11D3-BF4B-00C04F79EFBC}") = "StockCalc.Crawler", "StockCalc.Crawler\StockCalc.Crawler.csproj", "{C240E506-D57B-4987-BB1E-F0FFB154C94B}"
EndProject
Global
	GlobalSection(SolutionConfigurationPlatforms) = preSolution
		Debug|Any CPU = Debug|Any CPU
		Release|Any CPU = Release|Any CPU
	EndGlobalSection
	GlobalSection(ProjectConfigurationPlatforms) = postSolution
		{9A5F9C66-AAB2-45F6-B364-82E6DF84375A}.Debug|Any CPU.ActiveCfg = Debug|Any CPU
		{9A5F9C66-AAB2-45F6-B364-82E6DF84375A}.Debug|Any CPU.Build.0 = Debug|Any CPU
		{9A5F9C66-AAB2-45F6-B364-82E6DF84375A}.Release|Any CPU.ActiveCfg = Release|Any CPU
		{9A5F9C66-AAB2-45F6-B364-82E6DF84375A}.Release|Any CPU.Build.0 = Release|Any CPU
		{0D33485F-3418-44D2-B318-9822ABEDFC94}.Debug|Any CPU.ActiveCfg = Debug|Any CPU
		{0D33485F-3418-44D2-B318-9822ABEDFC94}.Debug|Any CPU.Build.0 = Debug|Any CPU
		{0D33485F-3418-44D2-B318-9822ABEDFC94}.Release|Any CPU.ActiveCfg = Release|Any CPU
		{0D33485F-3418-44D2-B318-9822ABEDFC94}.Release|Any CPU.Build.0 = Release|Any CPU
		{47674F6C-C48A-44E1-8E15-DBEF7CF7AE66}.Debug|Any CPU.ActiveCfg = Debug|Any CPU
		{47674F6C-C48A-44E1-8E15-DBEF7CF7AE66}.Debug|Any CPU.Build.0 = Debug|Any CPU
		{47674F6C-C48A-44E1-8E15-DBEF7CF7AE66}.Release|Any CPU.ActiveCfg = Release|Any CPU
		{47674F6C-C48A-44E1-8E15-DBEF7CF7AE66}.Release|Any CPU.Build.0 = Release|Any CPU
		{C240E506-D57B-4987-BB1E-F0FFB154C94B}.Debug|Any CPU.ActiveCfg = Debug|Any CPU
		{C240E506-D57B-4987-BB1E-F0FFB154C94B}.Debug|Any CPU.Build.0 = Debug|Any CPU
		{C240E506-D57B-4987-BB1E-F0FFB154C94B}.Release|Any CPU.ActiveCfg = Release|Any CPU
		{C240E506-D57B-4987-BB1E-F0FFB154C94B}.Release|Any CPU.Build.0 = Release|Any CPU
	EndGlobalSection
	GlobalSection(SolutionProperties) = preSolution
		HideSolutionNode = FALSE
	EndGlobalSection
	GlobalSection(ExtensibilityGlobals) = postSolution
		SolutionGuid = {05186544-29E2-4C57-A4BA-C4BD9BA1421D}
	EndGlobalSection
EndGlobal
