
Microsoft Visual Studio Solution File, Format Version 12.00
# Visual Studio 15
VisualStudioVersion = 15.0.28010.2041
MinimumVisualStudioVersion = 10.0.40219.1
Project("{FAE04EC0-301F-11D3-BF4B-00C04F79EFBC}") = "StockCalc", "StockCalc\StockCalc.csproj", "{EB489648-0CED-4480-81F4-8CA282E019BC}"
EndProject
Global
	GlobalSection(SolutionConfigurationPlatforms) = preSolution
		Debug|Any CPU = Debug|Any CPU
		Release|Any CPU = Release|Any CPU
	EndGlobalSection
	GlobalSection(ProjectConfigurationPlatforms) = postSolution
		{EB489648-0CED-4480-81F4-8CA282E019BC}.Debug|Any CPU.ActiveCfg = Debug|Any CPU
		{EB489648-0CED-4480-81F4-8CA282E019BC}.Debug|Any CPU.Build.0 = Debug|Any CPU
		{EB489648-0CED-4480-81F4-8CA282E019BC}.Release|Any CPU.ActiveCfg = Release|Any CPU
		{EB489648-0CED-4480-81F4-8CA282E019BC}.Release|Any CPU.Build.0 = Release|Any CPU
	EndGlobalSection
	GlobalSection(SolutionProperties) = preSolution
		HideSolutionNode = FALSE
	EndGlobalSection
	GlobalSection(ExtensibilityGlobals) = postSolution
		SolutionGuid = {05186544-29E2-4C57-A4BA-C4BD9BA1421D}
	EndGlobalSection
EndGlobal
